
Microsoft Visual Studio Solution File, Format Version 12.00
# Visual Studio Version 16
VisualStudioVersion = 16.0.32106.194
MinimumVisualStudioVersion = 10.0.40219.1
Project("{FAE04EC0-301F-11D3-BF4B-00C04F79EFBC}") = "CadastroDeFamilias.Api", "CadastroDeFamilias.Api\CadastroDeFamilias.Api.csproj", "{2FD3BB49-AEB3-4570-8503-688825EF9B67}"
EndProject
Project("{FAE04EC0-301F-11D3-BF4B-00C04F79EFBC}") = "CadastroDeFamilias.Domain", "CadastroDeFamilias.Domain\CadastroDeFamilias.Domain.csproj", "{2B0F3E67-EA9C-4A3A-814A-10E04D8B0C24}"
EndProject
Project("{FAE04EC0-301F-11D3-BF4B-00C04F79EFBC}") = "CadastroDeFamilias.Infra", "CadastroDeFamilias.Infra\CadastroDeFamilias.Infra.csproj", "{75A2C26E-8F33-4FAC-9526-03451FFADAB3}"
EndProject
Project("{FAE04EC0-301F-11D3-BF4B-00C04F79EFBC}") = "CadastroDeFamilias.ViewModels", "CadastroDeFamilias.ViewModels\CadastroDeFamilias.ViewModels.csproj", "{65A188FE-A808-4971-96AA-29B7094B6BAD}"
EndProject
Project("{FAE04EC0-301F-11D3-BF4B-00C04F79EFBC}") = "CadastroDeFamilias.Blazor", "CadastroDeFamilias.Blazor\CadastroDeFamilias.Blazor.csproj", "{FA7DB09D-2478-4BD4-B1E0-91DF5DC66B99}"
EndProject
Global
	GlobalSection(SolutionConfigurationPlatforms) = preSolution
		Debug|Any CPU = Debug|Any CPU
		Release|Any CPU = Release|Any CPU
	EndGlobalSection
	GlobalSection(ProjectConfigurationPlatforms) = postSolution
		{2FD3BB49-AEB3-4570-8503-688825EF9B67}.Debug|Any CPU.ActiveCfg = Debug|Any CPU
		{2FD3BB49-AEB3-4570-8503-688825EF9B67}.Debug|Any CPU.Build.0 = Debug|Any CPU
		{2FD3BB49-AEB3-4570-8503-688825EF9B67}.Release|Any CPU.ActiveCfg = Release|Any CPU
		{2FD3BB49-AEB3-4570-8503-688825EF9B67}.Release|Any CPU.Build.0 = Release|Any CPU
		{2B0F3E67-EA9C-4A3A-814A-10E04D8B0C24}.Debug|Any CPU.ActiveCfg = Debug|Any CPU
		{2B0F3E67-EA9C-4A3A-814A-10E04D8B0C24}.Debug|Any CPU.Build.0 = Debug|Any CPU
		{2B0F3E67-EA9C-4A3A-814A-10E04D8B0C24}.Release|Any CPU.ActiveCfg = Release|Any CPU
		{2B0F3E67-EA9C-4A3A-814A-10E04D8B0C24}.Release|Any CPU.Build.0 = Release|Any CPU
		{75A2C26E-8F33-4FAC-9526-03451FFADAB3}.Debug|Any CPU.ActiveCfg = Debug|Any CPU
		{75A2C26E-8F33-4FAC-9526-03451FFADAB3}.Debug|Any CPU.Build.0 = Debug|Any CPU
		{75A2C26E-8F33-4FAC-9526-03451FFADAB3}.Release|Any CPU.ActiveCfg = Release|Any CPU
		{75A2C26E-8F33-4FAC-9526-03451FFADAB3}.Release|Any CPU.Build.0 = Release|Any CPU
		{65A188FE-A808-4971-96AA-29B7094B6BAD}.Debug|Any CPU.ActiveCfg = Debug|Any CPU
		{65A188FE-A808-4971-96AA-29B7094B6BAD}.Debug|Any CPU.Build.0 = Debug|Any CPU
		{65A188FE-A808-4971-96AA-29B7094B6BAD}.Release|Any CPU.ActiveCfg = Release|Any CPU
		{65A188FE-A808-4971-96AA-29B7094B6BAD}.Release|Any CPU.Build.0 = Release|Any CPU
		{FA7DB09D-2478-4BD4-B1E0-91DF5DC66B99}.Debug|Any CPU.ActiveCfg = Debug|Any CPU
		{FA7DB09D-2478-4BD4-B1E0-91DF5DC66B99}.Debug|Any CPU.Build.0 = Debug|Any CPU
		{FA7DB09D-2478-4BD4-B1E0-91DF5DC66B99}.Release|Any CPU.ActiveCfg = Release|Any CPU
		{FA7DB09D-2478-4BD4-B1E0-91DF5DC66B99}.Release|Any CPU.Build.0 = Release|Any CPU
	EndGlobalSection
	GlobalSection(SolutionProperties) = preSolution
		HideSolutionNode = FALSE
	EndGlobalSection
	GlobalSection(ExtensibilityGlobals) = postSolution
		SolutionGuid = {2E8B3A74-82A6-4F24-B8B2-F1618B082FFD}
	EndGlobalSection
EndGlobal
